
Microsoft Visual Studio Solution File, Format Version 12.00
# Visual Studio Version 17
VisualStudioVersion = 17.4.33205.214
MinimumVisualStudioVersion = 10.0.40219.1
Project("{FAE04EC0-301F-11D3-BF4B-00C04F79EFBC}") = "DAL", "DAL\DAL.csproj", "{3D49EA06-F5F5-445F-BDC7-3AEB24074FCC}"
EndProject
Project("{FAE04EC0-301F-11D3-BF4B-00C04F79EFBC}") = "Admin", "Admin\Admin.csproj", "{F3911720-888F-4AF6-9263-C803CD346ABD}"
EndProject
Project("{FAE04EC0-301F-11D3-BF4B-00C04F79EFBC}") = "User", "User\User.csproj", "{557E7783-D058-465D-B5FE-A3AB341A0438}"
EndProject
Global
	GlobalSection(SolutionConfigurationPlatforms) = preSolution
		Debug|Any CPU = Debug|Any CPU
		Release|Any CPU = Release|Any CPU
	EndGlobalSection
	GlobalSection(ProjectConfigurationPlatforms) = postSolution
		{3D49EA06-F5F5-445F-BDC7-3AEB24074FCC}.Debug|Any CPU.ActiveCfg = Debug|Any CPU
		{3D49EA06-F5F5-445F-BDC7-3AEB24074FCC}.Debug|Any CPU.Build.0 = Debug|Any CPU
		{3D49EA06-F5F5-445F-BDC7-3AEB24074FCC}.Release|Any CPU.ActiveCfg = Release|Any CPU
		{3D49EA06-F5F5-445F-BDC7-3AEB24074FCC}.Release|Any CPU.Build.0 = Release|Any CPU
		{F3911720-888F-4AF6-9263-C803CD346ABD}.Debug|Any CPU.ActiveCfg = Debug|Any CPU
		{F3911720-888F-4AF6-9263-C803CD346ABD}.Debug|Any CPU.Build.0 = Debug|Any CPU
		{F3911720-888F-4AF6-9263-C803CD346ABD}.Release|Any CPU.ActiveCfg = Release|Any CPU
		{F3911720-888F-4AF6-9263-C803CD346ABD}.Release|Any CPU.Build.0 = Release|Any CPU
		{557E7783-D058-465D-B5FE-A3AB341A0438}.Debug|Any CPU.ActiveCfg = Debug|Any CPU
		{557E7783-D058-465D-B5FE-A3AB341A0438}.Debug|Any CPU.Build.0 = Debug|Any CPU
		{557E7783-D058-465D-B5FE-A3AB341A0438}.Release|Any CPU.ActiveCfg = Release|Any CPU
		{557E7783-D058-465D-B5FE-A3AB341A0438}.Release|Any CPU.Build.0 = Release|Any CPU
	EndGlobalSection
	GlobalSection(SolutionProperties) = preSolution
		HideSolutionNode = FALSE
	EndGlobalSection
	GlobalSection(ExtensibilityGlobals) = postSolution
		SolutionGuid = {F12A20AA-9CC7-4A9F-B934-68F0D0D062F1}
	EndGlobalSection
EndGlobal
